<?xml version="1.0" encoding="utf-8"?>
<Project ToolsVersion="4.0" xmlns="http://schemas.microsoft.com/developer/msbuild/2003">
  <ItemGroup>
    <Filter Include="Quelldateien">
      <UniqueIdentifier>{4FC737F1-C7A5-4376-A066-2A32D752A2FF}</UniqueIdentifier>
      <Extensions>cpp;c;cc;cxx;def;odl;idl;hpj;bat;asm;asmx</Extensions>
    </Filter>
    <Filter Include="Headerdateien">
      <UniqueIdentifier>{93995380-89BD-4b04-88EB-625FBE52EBFB}</UniqueIdentifier>
      <Extensions>h;hpp;hxx;hm;inl;inc;xsd</Extensions>
    </Filter>
    <Filter Include="Ressourcendateien">
      <UniqueIdentifier>{67DA6AB6-F800-4c08-8B7A-83BB121AAD01}</UniqueIdentifier>
      <Extensions>rc;ico;cur;bmp;dlg;rc2;rct;bin;rgs;gif;jpg;jpeg;jpe;resx;tiff;tif;png;wav;mfcribbon-ms</Extensions>
    </Filter>
  </ItemGroup>
  <ItemGroup>
    <ClInclude Include="include\__fffDebugging.h">
      <Filter>Headerdateien</Filter>
    </ClInclude>
    <ClInclude Include="include\__fffDevelHost.h">
      <Filter>Headerdateien</Filter>
    </ClInclude>
    <ClInclude Include="include\__fffTools.h">
      <Filter>Headerdateien</Filter>
    </ClInclude>
    <ClInclude Include="include\__fffTypes.h">
      <Filter>Headerdateien</Filter>
    </ClInclude>
    <ClInclude Include="include\_fffBase.h">
      <Filter>Headerdateien</Filter>
    </ClInclude>
    <ClInclude Include="include\_fffException.h">
      <Filter>Headerdateien</Filter>
    </ClInclude>
    <ClInclude Include="include\_fffIPrintable.h">
      <Filter>Headerdateien</Filter>
    </ClInclude>
    <ClInclude Include="include\_fffLogStream.h">
      <Filter>Headerdateien</Filter>
    </ClInclude>
    <ClInclude Include="include\fff.h">
      <Filter>Headerdateien</Filter>
    </ClInclude>
    <ClInclude Include="include\fffClEnv.h">
      <Filter>Headerdateien</Filter>
    </ClInclude>
    <ClInclude Include="include\fffCompiler.h">
      <Filter>Headerdateien</Filter>
    </ClInclude>
    <ClInclude Include="include\fffComputingData.h">
      <Filter>Headerdateien</Filter>
    </ClInclude>
    <ClInclude Include="include\fffComputingMap.h">
      <Filter>Headerdateien</Filter>
    </ClInclude>
    <ClInclude Include="include\fffConvKernel.h">
      <Filter>Headerdateien</Filter>
    </ClInclude>
    <ClInclude Include="include\fffCv.h">
      <Filter>Headerdateien</Filter>
    </ClInclude>
    <ClInclude Include="include\fffCvDevSChBuf.h">
      <Filter>Headerdateien</Filter>
    </ClInclude>
    <ClInclude Include="include\fffCvHstMChBuf.h">
      <Filter>Headerdateien</Filter>
    </ClInclude>
    <ClInclude Include="include\fffCvHstMChBufPreallocated.h">
      <Filter>Headerdateien</Filter>
    </ClInclude>
    <ClInclude Include="include\fffCvHstSChBuf.h">
      <Filter>Headerdateien</Filter>
    </ClInclude>
    <ClInclude Include="include\fffCvUbiMChBuf.h">
      <Filter>Headerdateien</Filter>
    </ClInclude>
    <ClInclude Include="include\fffDevProps.h">
      <Filter>Headerdateien</Filter>
    </ClInclude>
    <ClInclude Include="include\fffICvMChBuf.h">
      <Filter>Headerdateien</Filter>
    </ClInclude>
    <ClInclude Include="include\fffTesting.h">
      <Filter>Headerdateien</Filter>
    </ClInclude>
    <ClInclude Include="include\fffTFuncKernel.h">
      <Filter>Headerdateien</Filter>
    </ClInclude>
    <ClInclude Include="include\fffV.h">
      <Filter>Headerdateien</Filter>
    </ClInclude>
    <ClInclude Include="include\fffWave.h">
      <Filter>Headerdateien</Filter>
    </ClInclude>
    <ClInclude Include="include\fffWavReader.h">
      <Filter>Headerdateien</Filter>
    </ClInclude>
    <ClInclude Include="include\fffWavWriter.h">
      <Filter>Headerdateien</Filter>
    </ClInclude>
    <ClInclude Include="include\fffFileReader.h">
      <Filter>Headerdateien</Filter>
    </ClInclude>
    <ClInclude Include="cl\fffConvolution.h.cl" />
  </ItemGroup>
  <ItemGroup>
    <ClCompile Include="src\__fffDebugging.cpp">
      <Filter>Quelldateien</Filter>
    </ClCompile>
    <ClCompile Include="src\_fffLogStream.cpp">
      <Filter>Quelldateien</Filter>
    </ClCompile>
    <ClCompile Include="src\fffClEnv.cpp">
      <Filter>Quelldateien</Filter>
    </ClCompile>
    <ClCompile Include="src\fffCompiler.cpp">
      <Filter>Quelldateien</Filter>
    </ClCompile>
    <ClCompile Include="src\fffDevProps.cpp">
      <Filter>Quelldateien</Filter>
    </ClCompile>
    <ClCompile Include="src\fffTesting.cpp">
      <Filter>Quelldateien</Filter>
    </ClCompile>
    <ClCompile Include="cl\fffConvolution.cpp.cl" />
    <ClCompile Include="src\fff.cpp">
      <Filter>Quelldateien</Filter>
    </ClCompile>
    <ClCompile Include="src\maintest.cpp">
      <Filter>Quelldateien</Filter>
    </ClCompile>
  </ItemGroup>
</Project>